
Microsoft Visual Studio Solution File, Format Version 12.00
# Visual Studio Version 16
VisualStudioVersion = 16.0.30114.105
MinimumVisualStudioVersion = 10.0.40219.1
Project("{FAE04EC0-301F-11D3-BF4B-00C04F79EFBC}") = "MMlib.Tools.Translator", "src\MMlib.Tools.Translator\MMlib.Tools.Translator.csproj", "{2A01C631-8C4C-4F3A-8339-DF293B1476B2}"
EndProject
Global
	GlobalSection(SolutionConfigurationPlatforms) = preSolution
		Debug|Any CPU = Debug|Any CPU
		Release|Any CPU = Release|Any CPU
	EndGlobalSection
	GlobalSection(ProjectConfigurationPlatforms) = postSolution
		{2A01C631-8C4C-4F3A-8339-DF293B1476B2}.Debug|Any CPU.ActiveCfg = Debug|Any CPU
		{2A01C631-8C4C-4F3A-8339-DF293B1476B2}.Debug|Any CPU.Build.0 = Debug|Any CPU
		{2A01C631-8C4C-4F3A-8339-DF293B1476B2}.Release|Any CPU.ActiveCfg = Release|Any CPU
		{2A01C631-8C4C-4F3A-8339-DF293B1476B2}.Release|Any CPU.Build.0 = Release|Any CPU
	EndGlobalSection
	GlobalSection(SolutionProperties) = preSolution
		HideSolutionNode = FALSE
	EndGlobalSection
	GlobalSection(ExtensibilityGlobals) = postSolution
		SolutionGuid = {25ADA8A5-3C4D-42CB-BBF4-34D3378991DD}
	EndGlobalSection
EndGlobal
